
Microsoft Visual Studio Solution File, Format Version 12.00
# Visual Studio Version 17
VisualStudioVersion = 17.11.35208.52
MinimumVisualStudioVersion = 10.0.40219.1
Project("{9A19103F-16F7-4668-BE54-9A1E7A4F7556}") = "ECommerce.Product.Service", "ECommerce.Product.Service\ECommerce.Product.Service.csproj", "{6A119FB2-9902-41B5-B047-A1B167EA78B1}"
EndProject
Project("{9A19103F-16F7-4668-BE54-9A1E7A4F7556}") = "ECommerce.Auth.Service", "ECommerce.Auth.Service\ECommerce.Auth.Service.csproj", "{C624198A-A074-42C6-ADBC-3D707DC951E4}"
EndProject
Project("{9A19103F-16F7-4668-BE54-9A1E7A4F7556}") = "ECommerce.Gateway.Service", "ECommerce.Gateway.Service\ECommerce.Gateway.Service.csproj", "{A2B12CC8-0187-421A-B591-F06003223B2C}"
EndProject
Project("{FAE04EC0-301F-11D3-BF4B-00C04F79EFBC}") = "ECommerce.Blob.Service", "ECommerce.Blob.Service\ECommerce.Blob.Service.csproj", "{F772F06C-A563-4F5B-AF59-A659BEAE3419}"
EndProject
Global
	GlobalSection(SolutionConfigurationPlatforms) = preSolution
		Debug|Any CPU = Debug|Any CPU
		Release|Any CPU = Release|Any CPU
	EndGlobalSection
	GlobalSection(ProjectConfigurationPlatforms) = postSolution
		{6A119FB2-9902-41B5-B047-A1B167EA78B1}.Debug|Any CPU.ActiveCfg = Debug|Any CPU
		{6A119FB2-9902-41B5-B047-A1B167EA78B1}.Debug|Any CPU.Build.0 = Debug|Any CPU
		{6A119FB2-9902-41B5-B047-A1B167EA78B1}.Release|Any CPU.ActiveCfg = Release|Any CPU
		{6A119FB2-9902-41B5-B047-A1B167EA78B1}.Release|Any CPU.Build.0 = Release|Any CPU
		{C624198A-A074-42C6-ADBC-3D707DC951E4}.Debug|Any CPU.ActiveCfg = Debug|Any CPU
		{C624198A-A074-42C6-ADBC-3D707DC951E4}.Debug|Any CPU.Build.0 = Debug|Any CPU
		{C624198A-A074-42C6-ADBC-3D707DC951E4}.Release|Any CPU.ActiveCfg = Release|Any CPU
		{C624198A-A074-42C6-ADBC-3D707DC951E4}.Release|Any CPU.Build.0 = Release|Any CPU
		{A2B12CC8-0187-421A-B591-F06003223B2C}.Debug|Any CPU.ActiveCfg = Debug|Any CPU
		{A2B12CC8-0187-421A-B591-F06003223B2C}.Debug|Any CPU.Build.0 = Debug|Any CPU
		{A2B12CC8-0187-421A-B591-F06003223B2C}.Release|Any CPU.ActiveCfg = Release|Any CPU
		{A2B12CC8-0187-421A-B591-F06003223B2C}.Release|Any CPU.Build.0 = Release|Any CPU
		{F772F06C-A563-4F5B-AF59-A659BEAE3419}.Debug|Any CPU.ActiveCfg = Debug|Any CPU
		{F772F06C-A563-4F5B-AF59-A659BEAE3419}.Debug|Any CPU.Build.0 = Debug|Any CPU
		{F772F06C-A563-4F5B-AF59-A659BEAE3419}.Release|Any CPU.ActiveCfg = Release|Any CPU
		{F772F06C-A563-4F5B-AF59-A659BEAE3419}.Release|Any CPU.Build.0 = Release|Any CPU
	EndGlobalSection
	GlobalSection(SolutionProperties) = preSolution
		HideSolutionNode = FALSE
	EndGlobalSection
	GlobalSection(ExtensibilityGlobals) = postSolution
		SolutionGuid = {183EAFF3-A3C4-4975-BB7E-463CB6B91D64}
	EndGlobalSection
EndGlobal
